// !$*UTF8*$!
{
	archiveVersion = 1;
	classes = {
	};
	objectVersion = 50;
	objects = {

/* Begin PBXBuildFile section */
		7AB0B3B1259CD5C200B46CBC /* AppDelegate.swift in Sources */ = {isa = PBXBuildFile; fileRef = 7AB0B3B0259CD5C200B46CBC /* AppDelegate.swift */; };
		7AB0B3B3259CD5C200B46CBC /* SceneDelegate.swift in Sources */ = {isa = PBXBuildFile; fileRef = 7AB0B3B2259CD5C200B46CBC /* SceneDelegate.swift */; };
		7AB0B3B5259CD5C200B46CBC /* ViewController.swift in Sources */ = {isa = PBXBuildFile; fileRef = 7AB0B3B4259CD5C200B46CBC /* ViewController.swift */; };
		7AB0B3B8259CD5C200B46CBC /* Main.storyboard in Resources */ = {isa = PBXBuildFile; fileRef = 7AB0B3B6259CD5C200B46CBC /* Main.storyboard */; };
		7AB0B3BA259CD5C300B46CBC /* Assets.xcassets in Resources */ = {isa = PBXBuildFile; fileRef = 7AB0B3B9259CD5C300B46CBC /* Assets.xcassets */; };
		7AB0B3BD259CD5C300B46CBC /* LaunchScreen.storyboard in Resources */ = {isa = PBXBuildFile; fileRef = 7AB0B3BB259CD5C300B46CBC /* LaunchScreen.storyboard */; };
/* End PBXBuildFile section */

/* Begin PBXFileReference section */
		7AB0B3AD259CD5C200B46CBC /* Project1-3-Milestone.app */ = {isa = PBXFileReference; explicitFileType = wrapper.application; includeInIndex = 0; path = "Project1-3-Milestone.app"; sourceTree = BUILT_PRODUCTS_DIR; };
		7AB0B3B0259CD5C200B46CBC /* AppDelegate.swift */ = {isa = PBXFileReference; lastKnownFileType = sourcecode.swift; path = AppDelegate.swift; sourceTree = "<group>"; };
		7AB0B3B2259CD5C200B46CBC /* SceneDelegate.swift */ = {isa = PBXFileReference; lastKnownFileType = sourcecode.swift; path = SceneDelegate.swift; sourceTree = "<group>"; };
		7AB0B3B4259CD5C200B46CBC /* ViewController.swift */ = {isa = PBXFileReference; lastKnownFileType = sourcecode.swift; path = ViewController.swift; sourceTree = "<group>"; };
		7AB0B3B7259CD5C200B46CBC /* Base */ = {isa = PBXFileReference; lastKnownFileType = file.storyboard; name = Base; path = Base.lproj/Main.storyboard; sourceTree = "<group>"; };
		7AB0B3B9259CD5C300B46CBC /* Assets.xcassets */ = {isa = PBXFileReference; lastKnownFileType = folder.assetcatalog; path = Assets.xcassets; sourceTree = "<group>"; };
		7AB0B3BC259CD5C300B46CBC /* Base */ = {isa = PBXFileReference; lastKnownFileType = file.storyboard; name = Base; path = Base.lproj/LaunchScreen.storyboard; sourceTree = "<group>"; };
		7AB0B3BE259CD5C300B46CBC /* Info.plist */ = {isa = PBXFileReference; lastKnownFileType = text.plist.xml; path = Info.plist; sourceTree = "<group>"; };
/* End PBXFileReference section */

/* Begin PBXFrameworksBuildPhase section */
		7AB0B3AA259CD5C200B46CBC /* Frameworks */ = {
			isa = PBXFrameworksBuildPhase;
			buildActionMask = 2147483647;
			files = (
			);
			runOnlyForDeploymentPostprocessing = 0;
		};
/* End PBXFrameworksBuildPhase section */

/* Begin PBXGroup section */
		7AB0B3A4259CD5C200B46CBC = {
			isa = PBXGroup;
			children = (
				7AB0B3AF259CD5C200B46CBC /* Project1-3-Milestone */,
				7AB0B3AE259CD5C200B46CBC /* Products */,
			);
			sourceTree = "<group>";
		};
		7AB0B3AE259CD5C200B46CBC /* Products */ = {
			isa = PBXGroup;
			children = (
				7AB0B3AD259CD5C200B46CBC /* Project1-3-Milestone.app */,
			);
			name = Products;
			sourceTree = "<group>";
		};
		7AB0B3AF259CD5C200B46CBC /* Project1-3-Milestone */ = {
			isa = PBXGroup;
			children = (
				7AB0B3B0259CD5C200B46CBC /* AppDelegate.swift */,
				7AB0B3B2259CD5C200B46CBC /* SceneDelegate.swift */,
				7AB0B3B4259CD5C200B46CBC /* ViewController.swift */,
				7AB0B3B6259CD5C200B46CBC /* Main.storyboard */,
				7AB0B3B9259CD5C300B46CBC /* Assets.xcassets */,
				7AB0B3BB259CD5C300B46CBC /* LaunchScreen.storyboard */,
				7AB0B3BE259CD5C300B46CBC /* Info.plist */,
			);
			path = "Project1-3-Milestone";
			sourceTree = "<group>";
		};
/* End PBXGroup section */

/* Begin PBXNativeTarget section */
		7AB0B3AC259CD5C200B46CBC /* Project1-3-Milestone */ = {
			isa = PBXNativeTarget;
			buildConfigurationList = 7AB0B3C1259CD5C300B46CBC /* Build configuration list for PBXNativeTarget "Project1-3-Milestone" */;
			buildPhases = (
				7AB0B3A9259CD5C200B46CBC /* Sources */,
				7AB0B3AA259CD5C200B46CBC /* Frameworks */,
				7AB0B3AB259CD5C200B46CBC /* Resources */,
			);
			buildRules = (
			);
			dependencies = (
			);
			name = "Project1-3-Milestone";
			productName = "Project1-3-Milestone";
			productReference = 7AB0B3AD259CD5C200B46CBC /* Project1-3-Milestone.app */;
			productType = "com.apple.product-type.application";
		};
/* End PBXNativeTarget section */

/* Begin PBXProject section */
		7AB0B3A5259CD5C200B46CBC /* Project object */ = {
			isa = PBXProject;
			attributes = {
				LastSwiftUpdateCheck = 1230;
				LastUpgradeCheck = 1230;
				TargetAttributes = {
					7AB0B3AC259CD5C200B46CBC = {
						CreatedOnToolsVersion = 12.3;
					};
				};
			};
			buildConfigurationList = 7AB0B3A8259CD5C200B46CBC /* Build configuration list for PBXProject "Project1-3-Milestone" */;
			compatibilityVersion = "Xcode 9.3";
			developmentRegion = en;
			hasScannedForEncodings = 0;
			knownRegions = (
				en,
				Base,
			);
			mainGroup = 7AB0B3A4259CD5C200B46CBC;
			productRefGroup = 7AB0B3AE259CD5C200B46CBC /* Products */;
			projectDirPath = "";
			projectRoot = "";
			targets = (
				7AB0B3AC259CD5C200B46CBC /* Project1-3-Milestone */,
			);
		};
/* End PBXProject section */

/* Begin PBXResourcesBuildPhase section */
		7AB0B3AB259CD5C200B46CBC /* Resources */ = {
			isa = PBXResourcesBuildPhase;
			buildActionMask = 2147483647;
			files = (
				7AB0B3BD259CD5C300B46CBC /* LaunchScreen.storyboard in Resources */,
				7AB0B3BA259CD5C300B46CBC /* Assets.xcassets in Resources */,
				7AB0B3B8259CD5C200B46CBC /* Main.storyboard in Resources */,
			);
			runOnlyForDeploymentPostprocessing = 0;
		};
/* End PBXResourcesBuildPhase section */

/* Begin PBXSourcesBuildPhase section */
		7AB0B3A9259CD5C200B46CBC /* Sources */ = {
			isa = PBXSourcesBuildPhase;
			buildActionMask = 2147483647;
			files = (
				7AB0B3B5259CD5C200B46CBC /* ViewController.swift in Sources */,
				7AB0B3B1259CD5C200B46CBC /* AppDelegate.swift in Sources */,
				7AB0B3B3259CD5C200B46CBC /* SceneDelegate.swift in Sources */,
			);
			runOnlyForDeploymentPostprocessing = 0;
		};
/* End PBXSourcesBuildPhase section */

/* Begin PBXVariantGroup section */
		7AB0B3B6259CD5C200B46CBC /* Main.storyboard */ = {
			isa = PBXVariantGroup;
			children = (
				7AB0B3B7259CD5C200B46CBC /* Base */,
			);
			name = Main.storyboard;
			sourceTree = "<group>";
		};
		7AB0B3BB259CD5C300B46CBC /* LaunchScreen.storyboard */ = {
			isa = PBXVariantGroup;
			children = (
				7AB0B3BC259CD5C300B46CBC /* Base */,
			);
			name = LaunchScreen.storyboard;
			sourceTree = "<group>";
		};
/* End PBXVariantGroup section */

/* Begin XCBuildConfiguration section */
		7AB0B3BF259CD5C300B46CBC /* Debug */ = {
			isa = XCBuildConfiguration;
			buildSettings = {
				ALWAYS_SEARCH_USER_PATHS = NO;
				CLANG_ANALYZER_NONNULL = YES;
				CLANG_ANALYZER_NUMBER_OBJECT_CONVERSION = YES_AGGRESSIVE;
				CLANG_CXX_LANGUAGE_STANDARD = "gnu++14";
				CLANG_CXX_LIBRARY = "libc++";
				CLANG_ENABLE_MODULES = YES;
				CLANG_ENABLE_OBJC_ARC = YES;
				CLANG_ENABLE_OBJC_WEAK = YES;
				CLANG_WARN_BLOCK_CAPTURE_AUTORELEASING = YES;
				CLANG_WARN_BOOL_CONVERSION = YES;
				CLANG_WARN_COMMA = YES;
				CLANG_WARN_CONSTANT_CONVERSION = YES;
				CLANG_WARN_DEPRECATED_OBJC_IMPLEMENTATIONS = YES;
				CLANG_WARN_DIRECT_OBJC_ISA_USAGE = YES_ERROR;
				CLANG_WARN_DOCUMENTATION_COMMENTS = YES;
				CLANG_WARN_EMPTY_BODY = YES;
				CLANG_WARN_ENUM_CONVERSION = YES;
				CLANG_WARN_INFINITE_RECURSION = YES;
				CLANG_WARN_INT_CONVERSION = YES;
				CLANG_WARN_NON_LITERAL_NULL_CONVERSION = YES;
				CLANG_WARN_OBJC_IMPLICIT_RETAIN_SELF = YES;
				CLANG_WARN_OBJC_LITERAL_CONVERSION = YES;
				CLANG_WARN_OBJC_ROOT_CLASS = YES_ERROR;
				CLANG_WARN_QUOTED_INCLUDE_IN_FRAMEWORK_HEADER = YES;
				CLANG_WARN_RANGE_LOOP_ANALYSIS = YES;
				CLANG_WARN_STRICT_PROTOTYPES = YES;
				CLANG_WARN_SUSPICIOUS_MOVE = YES;
				CLANG_WARN_UNGUARDED_AVAILABILITY = YES_AGGRESSIVE;
				CLANG_WARN_UNREACHABLE_CODE = YES;
				CLANG_WARN__DUPLICATE_METHOD_MATCH = YES;
				COPY_PHASE_STRIP = NO;
				DEBUG_INFORMATION_FORMAT = dwarf;
				ENABLE_STRICT_OBJC_MSGSEND = YES;
				ENABLE_TESTABILITY = YES;
				GCC_C_LANGUAGE_STANDARD = gnu11;
				GCC_DYNAMIC_NO_PIC = NO;
				GCC_NO_COMMON_BLOCKS = YES;
				GCC_OPTIMIZATION_LEVEL = 0;
				GCC_PREPROCESSOR_DEFINITIONS = (
					"DEBUG=1",
					"$(inherited)",
				);
				GCC_WARN_64_TO_32_BIT_CONVERSION = YES;
				GCC_WARN_ABOUT_RETURN_TYPE = YES_ERROR;
				GCC_WARN_UNDECLARED_SELECTOR = YES;
				GCC_WARN_UNINITIALIZED_AUTOS = YES_AGGRESSIVE;
				GCC_WARN_UNUSED_FUNCTION = YES;
				GCC_WARN_UNUSED_VARIABLE = YES;
				IPHONEOS_DEPLOYMENT_TARGET = 14.3;
				MTL_ENABLE_DEBUG_INFO = INCLUDE_SOURCE;
				MTL_FAST_MATH = YES;
				ONLY_ACTIVE_ARCH = YES;
				SDKROOT = iphoneos;
				SWIFT_ACTIVE_COMPILATION_CONDITIONS = DEBUG;
				SWIFT_OPTIMIZATION_LEVEL = "-Onone";
			};
			name = Debug;
		};
		7AB0B3C0259CD5C300B46CBC /* Release */ = {
			isa = XCBuildConfiguration;
			buildSettings = {
				ALWAYS_SEARCH_USER_PATHS = NO;
				CLANG_ANALYZER_NONNULL = YES;
				CLANG_ANALYZER_NUMBER_OBJECT_CONVERSION = YES_AGGRESSIVE;
				CLANG_CXX_LANGUAGE_STANDARD = "gnu++14";
				CLANG_CXX_LIBRARY = "libc++";
				CLANG_ENABLE_MODULES = YES;
				CLANG_ENABLE_OBJC_ARC = YES;
				CLANG_ENABLE_OBJC_WEAK = YES;
				CLANG_WARN_BLOCK_CAPTURE_AUTORELEASING = YES;
				CLANG_WARN_BOOL_CONVERSION = YES;
				CLANG_WARN_COMMA = YES;
				CLANG_WARN_CONSTANT_CONVERSION = YES;
				CLANG_WARN_DEPRECATED_OBJC_IMPLEMENTATIONS = YES;
				CLANG_WARN_DIRECT_OBJC_ISA_USAGE = YES_ERROR;
				CLANG_WARN_DOCUMENTATION_COMMENTS = YES;
				CLANG_WARN_EMPTY_BODY = YES;
				CLANG_WARN_ENUM_CONVERSION = YES;
				CLANG_WARN_INFINITE_RECURSION = YES;
				CLANG_WARN_INT_CONVERSION = YES;
				CLANG_WARN_NON_LITERAL_NULL_CONVERSION = YES;
				CLANG_WARN_OBJC_IMPLICIT_RETAIN_SELF = YES;
				CLANG_WARN_OBJC_LITERAL_CONVERSION = YES;
				CLANG_WARN_OBJC_ROOT_CLASS = YES_ERROR;
				CLANG_WARN_QUOTED_INCLUDE_IN_FRAMEWORK_HEADER = YES;
				CLANG_WARN_RANGE_LOOP_ANALYSIS = YES;
				CLANG_WARN_STRICT_PROTOTYPES = YES;
				CLANG_WARN_SUSPICIOUS_MOVE = YES;
				CLANG_WARN_UNGUARDED_AVAILABILITY = YES_AGGRESSIVE;
				CLANG_WARN_UNREACHABLE_CODE = YES;
				CLANG_WARN__DUPLICATE_METHOD_MATCH = YES;
				COPY_PHASE_STRIP = NO;
				DEBUG_INFORMATION_FORMAT = "dwarf-with-dsym";
				ENABLE_NS_ASSERTIONS = NO;
				ENABLE_STRICT_OBJC_MSGSEND = YES;
				GCC_C_LANGUAGE_STANDARD = gnu11;
				GCC_NO_COMMON_BLOCKS = YES;
				GCC_WARN_64_TO_32_BIT_CONVERSION = YES;
				GCC_WARN_ABOUT_RETURN_TYPE = YES_ERROR;
				GCC_WARN_UNDECLARED_SELECTOR = YES;
				GCC_WARN_UNINITIALIZED_AUTOS = YES_AGGRESSIVE;
				GCC_WARN_UNUSED_FUNCTION = YES;
				GCC_WARN_UNUSED_VARIABLE = YES;
				IPHONEOS_DEPLOYMENT_TARGET = 14.3;
				MTL_ENABLE_DEBUG_INFO = NO;
				MTL_FAST_MATH = YES;
				SDKROOT = iphoneos;
				SWIFT_COMPILATION_MODE = wholemodule;
				SWIFT_OPTIMIZATION_LEVEL = "-O";
				VALIDATE_PRODUCT = YES;
			};
			name = Release;
		};
		7AB0B3C2259CD5C300B46CBC /* Debug */ = {
			isa = XCBuildConfiguration;
			buildSettings = {
				ASSETCATALOG_COMPILER_APPICON_NAME = AppIcon;
				ASSETCATALOG_COMPILER_GLOBAL_ACCENT_COLOR_NAME = AccentColor;
				CODE_SIGN_STYLE = Automatic;
				INFOPLIST_FILE = "Project1-3-Milestone/Info.plist";
				LD_RUNPATH_SEARCH_PATHS = (
					"$(inherited)",
					"@executable_path/Frameworks",
				);
				PRODUCT_BUNDLE_IDENTIFIER = "com.lukaszr.Project1-3-Milestone";
				PRODUCT_NAME = "$(TARGET_NAME)";
				SWIFT_VERSION = 5.0;
				TARGETED_DEVICE_FAMILY = "1,2";
			};
			name = Debug;
		};
		7AB0B3C3259CD5C300B46CBC /* Release */ = {
			isa = XCBuildConfiguration;
			buildSettings = {
				ASSETCATALOG_COMPILER_APPICON_NAME = AppIcon;
				ASSETCATALOG_COMPILER_GLOBAL_ACCENT_COLOR_NAME = AccentColor;
				CODE_SIGN_STYLE = Automatic;
				INFOPLIST_FILE = "Project1-3-Milestone/Info.plist";
				LD_RUNPATH_SEARCH_PATHS = (
					"$(inherited)",
					"@executable_path/Frameworks",
				);
				PRODUCT_BUNDLE_IDENTIFIER = "com.lukaszr.Project1-3-Milestone";
				PRODUCT_NAME = "$(TARGET_NAME)";
				SWIFT_VERSION = 5.0;
				TARGETED_DEVICE_FAMILY = "1,2";
			};
			name = Release;
		};
/* End XCBuildConfiguration section */

/* Begin XCConfigurationList section */
		7AB0B3A8259CD5C200B46CBC /* Build configuration list for PBXProject "Project1-3-Milestone" */ = {
			isa = XCConfigurationList;
			buildConfigurations = (
				7AB0B3BF259CD5C300B46CBC /* Debug */,
				7AB0B3C0259CD5C300B46CBC /* Release */,
			);
			defaultConfigurationIsVisible = 0;
			defaultConfigurationName = Release;
		};
		7AB0B3C1259CD5C300B46CBC /* Build configuration list for PBXNativeTarget "Project1-3-Milestone" */ = {
			isa = XCConfigurationList;
			buildConfigurations = (
				7AB0B3C2259CD5C300B46CBC /* Debug */,
				7AB0B3C3259CD5C300B46CBC /* Release */,
			);
			defaultConfigurationIsVisible = 0;
			defaultConfigurationName = Release;
		};
/* End XCConfigurationList section */
	};
	rootObject = 7AB0B3A5259CD5C200B46CBC /* Project object */;
}
